
Microsoft Visual Studio Solution File, Format Version 12.00
Project("{2150E333-8FDC-42A3-9474-1A3956D46DE8}") = "Solution Items", "Solution Items", "{0450E552-0B3B-4940-ACAA-A7AED8DBF313}"
	ProjectSection(SolutionItems) = preProject
		.gitignore = .gitignore
		LICENSE = LICENSE
		README.md = README.md
		.editorconfig = .editorconfig
	EndProjectSection
EndProject
Project("{2150E333-8FDC-42A3-9474-1A3956D46DE8}") = "Source", "Source", "{88A5D130-C5A6-4D52-9C96-7B1FC09B8FE3}"
EndProject
Project("{2150E333-8FDC-42A3-9474-1A3956D46DE8}") = "Testing", "Testing", "{972A9BCC-289D-445E-B0E4-1783F75D417C}"
EndProject
Project("{FAE04EC0-301F-11D3-BF4B-00C04F79EFBC}") = "Application", "source\Application\Application.csproj", "{52104284-E2E0-40B8-A0BA-1B06A51C8364}"
EndProject
Project("{FAE04EC0-301F-11D3-BF4B-00C04F79EFBC}") = "Contracts", "source\Contracts\Contracts.csproj", "{DC382B5C-2501-4163-AB6A-0B9CE25AF8C5}"
EndProject
Project("{FAE04EC0-301F-11D3-BF4B-00C04F79EFBC}") = "Core", "source\Core\Core.csproj", "{1E6EEF54-9179-482D-A6BB-6ADF6450EDA8}"
EndProject
Project("{FAE04EC0-301F-11D3-BF4B-00C04F79EFBC}") = "Infrastructure", "source\Infrastructure\Infrastructure.csproj", "{B8F1BA74-7B67-4B5A-B750-67B8E8AEA61B}"
EndProject
Project("{FAE04EC0-301F-11D3-BF4B-00C04F79EFBC}") = "WebAPI", "source\WebAPI\WebAPI.csproj", "{B6B7D929-57EC-4188-9E5E-DE0FF0EFA2F7}"
EndProject
Global
	GlobalSection(SolutionConfigurationPlatforms) = preSolution
		Debug|Any CPU = Debug|Any CPU
		Release|Any CPU = Release|Any CPU
	EndGlobalSection
	GlobalSection(NestedProjects) = preSolution
		{52104284-E2E0-40B8-A0BA-1B06A51C8364} = {88A5D130-C5A6-4D52-9C96-7B1FC09B8FE3}
		{DC382B5C-2501-4163-AB6A-0B9CE25AF8C5} = {88A5D130-C5A6-4D52-9C96-7B1FC09B8FE3}
		{1E6EEF54-9179-482D-A6BB-6ADF6450EDA8} = {88A5D130-C5A6-4D52-9C96-7B1FC09B8FE3}
		{B8F1BA74-7B67-4B5A-B750-67B8E8AEA61B} = {88A5D130-C5A6-4D52-9C96-7B1FC09B8FE3}
		{B6B7D929-57EC-4188-9E5E-DE0FF0EFA2F7} = {88A5D130-C5A6-4D52-9C96-7B1FC09B8FE3}
	EndGlobalSection
	GlobalSection(ProjectConfigurationPlatforms) = postSolution
		{52104284-E2E0-40B8-A0BA-1B06A51C8364}.Debug|Any CPU.ActiveCfg = Debug|Any CPU
		{52104284-E2E0-40B8-A0BA-1B06A51C8364}.Debug|Any CPU.Build.0 = Debug|Any CPU
		{52104284-E2E0-40B8-A0BA-1B06A51C8364}.Release|Any CPU.ActiveCfg = Release|Any CPU
		{52104284-E2E0-40B8-A0BA-1B06A51C8364}.Release|Any CPU.Build.0 = Release|Any CPU
		{DC382B5C-2501-4163-AB6A-0B9CE25AF8C5}.Debug|Any CPU.ActiveCfg = Debug|Any CPU
		{DC382B5C-2501-4163-AB6A-0B9CE25AF8C5}.Debug|Any CPU.Build.0 = Debug|Any CPU
		{DC382B5C-2501-4163-AB6A-0B9CE25AF8C5}.Release|Any CPU.ActiveCfg = Release|Any CPU
		{DC382B5C-2501-4163-AB6A-0B9CE25AF8C5}.Release|Any CPU.Build.0 = Release|Any CPU
		{1E6EEF54-9179-482D-A6BB-6ADF6450EDA8}.Debug|Any CPU.ActiveCfg = Debug|Any CPU
		{1E6EEF54-9179-482D-A6BB-6ADF6450EDA8}.Debug|Any CPU.Build.0 = Debug|Any CPU
		{1E6EEF54-9179-482D-A6BB-6ADF6450EDA8}.Release|Any CPU.ActiveCfg = Release|Any CPU
		{1E6EEF54-9179-482D-A6BB-6ADF6450EDA8}.Release|Any CPU.Build.0 = Release|Any CPU
		{B8F1BA74-7B67-4B5A-B750-67B8E8AEA61B}.Debug|Any CPU.ActiveCfg = Debug|Any CPU
		{B8F1BA74-7B67-4B5A-B750-67B8E8AEA61B}.Debug|Any CPU.Build.0 = Debug|Any CPU
		{B8F1BA74-7B67-4B5A-B750-67B8E8AEA61B}.Release|Any CPU.ActiveCfg = Release|Any CPU
		{B8F1BA74-7B67-4B5A-B750-67B8E8AEA61B}.Release|Any CPU.Build.0 = Release|Any CPU
		{B6B7D929-57EC-4188-9E5E-DE0FF0EFA2F7}.Debug|Any CPU.ActiveCfg = Debug|Any CPU
		{B6B7D929-57EC-4188-9E5E-DE0FF0EFA2F7}.Debug|Any CPU.Build.0 = Debug|Any CPU
		{B6B7D929-57EC-4188-9E5E-DE0FF0EFA2F7}.Release|Any CPU.ActiveCfg = Release|Any CPU
		{B6B7D929-57EC-4188-9E5E-DE0FF0EFA2F7}.Release|Any CPU.Build.0 = Release|Any CPU
	EndGlobalSection
EndGlobal
